{
  "requires": true,
  "lockfileVersion": 1,
  "dependencies": {
    "instructorjs": {
      "version": "0.1.1",
      "resolved": "https://registry.npmjs.org/instructorjs/-/instructorjs-0.1.1.tgz",
      "integrity": "sha512-RhZzwt44gV2a52/VVM33A72Fg/xEhSYzpXbCz5TCuSUS97iNXLFGR2kkJnMPJjF3yt/qzNktDDwcKHkHYzDOnA=="
    },
    "yarn": {
      "version": "1.17.3",
      "resolved": "https://registry.npmjs.org/yarn/-/yarn-1.17.3.tgz",
      "integrity": "sha512-CgA8o7nRZaQvmeF/WBx2FC7f9W/0X59T2IaLYqgMo6637wfp5mMEsM3YXoJtKUspnpmDJKl/gGFhnqS+sON7hA=="
    }
  }
}
